
Microsoft Visual Studio Solution File, Format Version 12.00
# Visual Studio 14
VisualStudioVersion = 14.0.25420.1
MinimumVisualStudioVersion = 10.0.40219.1
Project("{FAE04EC0-301F-11D3-BF4B-00C04F79EFBC}") = "NServiceBus.Persistence.ServiceFabric", "NServiceBus.Persistence.ServiceFabric\NServiceBus.Persistence.ServiceFabric.csproj", "{6447FA5E-9C6B-4DFB-87BE-7399D6B4DFBF}"
EndProject
Project("{FAE04EC0-301F-11D3-BF4B-00C04F79EFBC}") = "NServiceBus.Persistence.ServiceFabric.Tests", "NServiceBus.Persistence.ServiceFabric.Tests\NServiceBus.Persistence.ServiceFabric.Tests.csproj", "{326AE049-0F11-448A-8171-F87C668EBA4B}"
EndProject
Global
	GlobalSection(SolutionConfigurationPlatforms) = preSolution
		Debug|Any CPU = Debug|Any CPU
		Release|Any CPU = Release|Any CPU
	EndGlobalSection
	GlobalSection(ProjectConfigurationPlatforms) = postSolution
		{6447FA5E-9C6B-4DFB-87BE-7399D6B4DFBF}.Debug|Any CPU.ActiveCfg = Debug|Any CPU
		{6447FA5E-9C6B-4DFB-87BE-7399D6B4DFBF}.Debug|Any CPU.Build.0 = Debug|Any CPU
		{6447FA5E-9C6B-4DFB-87BE-7399D6B4DFBF}.Release|Any CPU.ActiveCfg = Release|Any CPU
		{6447FA5E-9C6B-4DFB-87BE-7399D6B4DFBF}.Release|Any CPU.Build.0 = Release|Any CPU
		{326AE049-0F11-448A-8171-F87C668EBA4B}.Debug|Any CPU.ActiveCfg = Debug|Any CPU
		{326AE049-0F11-448A-8171-F87C668EBA4B}.Debug|Any CPU.Build.0 = Debug|Any CPU
		{326AE049-0F11-448A-8171-F87C668EBA4B}.Release|Any CPU.ActiveCfg = Release|Any CPU
		{326AE049-0F11-448A-8171-F87C668EBA4B}.Release|Any CPU.Build.0 = Release|Any CPU
	EndGlobalSection
	GlobalSection(SolutionProperties) = preSolution
		HideSolutionNode = FALSE
	EndGlobalSection
EndGlobal
