
Microsoft Visual Studio Solution File, Format Version 12.00
# Visual Studio 15
VisualStudioVersion = 15.0.27004.2008
MinimumVisualStudioVersion = 15.0.26430.13
Project("{9A19103F-16F7-4668-BE54-9A1E7A4F7556}") = "ServiceFabricPersistence", "ServiceFabricPersistence\ServiceFabricPersistence.csproj", "{6447FA5E-9C6B-4DFB-87BE-7399D6B4DFBF}"
EndProject
Project("{9A19103F-16F7-4668-BE54-9A1E7A4F7556}") = "TestRunner", "TestRunner\TestRunner.csproj", "{2A4EE72F-E17F-4858-ADAA-34FB47068F5C}"
EndProject
Project("{A07B5EB6-E848-4116-A8D0-A826331D98C6}") = "AcceptanceTestsApplication", "AcceptanceTestsApplication\AcceptanceTestsApplication.sfproj", "{6722AAC7-F141-4492-85BB-BE0C82EF7F98}"
EndProject
Project("{A07B5EB6-E848-4116-A8D0-A826331D98C6}") = "TestsApplication", "TestsApplication\TestsApplication.sfproj", "{6722AAC7-F141-4492-85BB-BE0C82EF7F99}"
EndProject
Project("{9A19103F-16F7-4668-BE54-9A1E7A4F7556}") = "AcceptanceTests", "AcceptanceTests\AcceptanceTests.csproj", "{06901074-7B2E-4544-B388-8B0EB9B3735E}"
EndProject
Project("{9A19103F-16F7-4668-BE54-9A1E7A4F7556}") = "Tests", "Tests\Tests.csproj", "{F953E221-368B-4850-9AE2-E2F7A012A32D}"
EndProject
Project("{9A19103F-16F7-4668-BE54-9A1E7A4F7556}") = "TestHarness", "TestHarness\TestHarness.csproj", "{54E44B3B-EECF-4818-BE4D-12124BFE4C53}"
EndProject
Project("{2150E333-8FDC-42A3-9474-1A3956D46DE8}") = "Solution Items", "Solution Items", "{3D5D8C45-CD15-4524-8C86-D342E2AD6DC4}"
	ProjectSection(SolutionItems) = preProject
		Directory.Build.props = Directory.Build.props
		..\GitVersion.yml = ..\GitVersion.yml
	EndProjectSection
EndProject
Project("{FAE04EC0-301F-11D3-BF4B-00C04F79EFBC}") = "ApiTests", "ApiTests\ApiTests.csproj", "{D2168A42-F409-454A-971D-4E725C9C0703}"
EndProject
Global
	GlobalSection(SolutionConfigurationPlatforms) = preSolution
		Debug|x64 = Debug|x64
		Release|x64 = Release|x64
	EndGlobalSection
	GlobalSection(ProjectConfigurationPlatforms) = postSolution
		{6447FA5E-9C6B-4DFB-87BE-7399D6B4DFBF}.Debug|x64.ActiveCfg = Debug|Any CPU
		{6447FA5E-9C6B-4DFB-87BE-7399D6B4DFBF}.Debug|x64.Build.0 = Debug|Any CPU
		{6447FA5E-9C6B-4DFB-87BE-7399D6B4DFBF}.Release|x64.ActiveCfg = Release|Any CPU
		{6447FA5E-9C6B-4DFB-87BE-7399D6B4DFBF}.Release|x64.Build.0 = Release|Any CPU
		{2A4EE72F-E17F-4858-ADAA-34FB47068F5C}.Debug|x64.ActiveCfg = Debug|Any CPU
		{2A4EE72F-E17F-4858-ADAA-34FB47068F5C}.Debug|x64.Build.0 = Debug|Any CPU
		{2A4EE72F-E17F-4858-ADAA-34FB47068F5C}.Release|x64.ActiveCfg = Release|Any CPU
		{2A4EE72F-E17F-4858-ADAA-34FB47068F5C}.Release|x64.Build.0 = Release|Any CPU
		{6722AAC7-F141-4492-85BB-BE0C82EF7F98}.Debug|x64.ActiveCfg = Debug|x64
		{6722AAC7-F141-4492-85BB-BE0C82EF7F98}.Debug|x64.Build.0 = Debug|x64
		{6722AAC7-F141-4492-85BB-BE0C82EF7F98}.Debug|x64.Deploy.0 = Debug|x64
		{6722AAC7-F141-4492-85BB-BE0C82EF7F98}.Release|x64.ActiveCfg = Release|x64
		{6722AAC7-F141-4492-85BB-BE0C82EF7F98}.Release|x64.Build.0 = Release|x64
		{6722AAC7-F141-4492-85BB-BE0C82EF7F98}.Release|x64.Deploy.0 = Release|x64
		{6722AAC7-F141-4492-85BB-BE0C82EF7F99}.Debug|x64.ActiveCfg = Debug|x64
		{6722AAC7-F141-4492-85BB-BE0C82EF7F99}.Debug|x64.Build.0 = Debug|x64
		{6722AAC7-F141-4492-85BB-BE0C82EF7F99}.Debug|x64.Deploy.0 = Debug|x64
		{6722AAC7-F141-4492-85BB-BE0C82EF7F99}.Release|x64.ActiveCfg = Release|x64
		{6722AAC7-F141-4492-85BB-BE0C82EF7F99}.Release|x64.Build.0 = Release|x64
		{6722AAC7-F141-4492-85BB-BE0C82EF7F99}.Release|x64.Deploy.0 = Release|x64
		{06901074-7B2E-4544-B388-8B0EB9B3735E}.Debug|x64.ActiveCfg = Debug|Any CPU
		{06901074-7B2E-4544-B388-8B0EB9B3735E}.Debug|x64.Build.0 = Debug|Any CPU
		{06901074-7B2E-4544-B388-8B0EB9B3735E}.Release|x64.ActiveCfg = Release|Any CPU
		{06901074-7B2E-4544-B388-8B0EB9B3735E}.Release|x64.Build.0 = Release|Any CPU
		{F953E221-368B-4850-9AE2-E2F7A012A32D}.Debug|x64.ActiveCfg = Debug|Any CPU
		{F953E221-368B-4850-9AE2-E2F7A012A32D}.Debug|x64.Build.0 = Debug|Any CPU
		{F953E221-368B-4850-9AE2-E2F7A012A32D}.Release|x64.ActiveCfg = Release|Any CPU
		{F953E221-368B-4850-9AE2-E2F7A012A32D}.Release|x64.Build.0 = Release|Any CPU
		{54E44B3B-EECF-4818-BE4D-12124BFE4C53}.Debug|x64.ActiveCfg = Debug|Any CPU
		{54E44B3B-EECF-4818-BE4D-12124BFE4C53}.Debug|x64.Build.0 = Debug|Any CPU
		{54E44B3B-EECF-4818-BE4D-12124BFE4C53}.Release|x64.ActiveCfg = Release|Any CPU
		{54E44B3B-EECF-4818-BE4D-12124BFE4C53}.Release|x64.Build.0 = Release|Any CPU
		{D2168A42-F409-454A-971D-4E725C9C0703}.Debug|x64.ActiveCfg = Debug|Any CPU
		{D2168A42-F409-454A-971D-4E725C9C0703}.Debug|x64.Build.0 = Debug|Any CPU
		{D2168A42-F409-454A-971D-4E725C9C0703}.Release|x64.ActiveCfg = Release|Any CPU
		{D2168A42-F409-454A-971D-4E725C9C0703}.Release|x64.Build.0 = Release|Any CPU
	EndGlobalSection
	GlobalSection(SolutionProperties) = preSolution
		HideSolutionNode = FALSE
	EndGlobalSection
	GlobalSection(ExtensibilityGlobals) = postSolution
		SolutionGuid = {975A8635-F48A-412C-8295-94B5CA6DA35B}
	EndGlobalSection
EndGlobal
